
Microsoft Visual Studio Solution File, Format Version 12.00
# Visual Studio Version 17
VisualStudioVersion = 17.10.35013.160
MinimumVisualStudioVersion = 10.0.40219.1
Project("{8BC9CEB8-8B4A-11D0-8D11-00A0C91BC942}") = "Program", "Program.vcxproj", "{144C3DF3-D6D6-4128-B9B4-CF5B90C122DC}"
EndProject
Project("{8BC9CEB8-8B4A-11D0-8D11-00A0C91BC942}") = "Class1st (Single Linked LIst)", "..\Class1st (Single Linked LIst)\Class1st (Single Linked LIst).vcxproj", "{01B65BED-E2B4-480D-A798-59505ECE3210}"
EndProject
Project("{8BC9CEB8-8B4A-11D0-8D11-00A0C91BC942}") = "Class2nd (Double Linked List)", "..\Class2nd (Double Linked List)\Class2nd (Double Linked List).vcxproj", "{072FB8CE-DD1A-44F8-9773-3AFE26F0865E}"
EndProject
Project("{8BC9CEB8-8B4A-11D0-8D11-00A0C91BC942}") = "Class3rd (Circle Linked List)", "..\Class3rd (CircleLinkedList)\Class3rd (CircleLinkedList).vcxproj", "{0D4DD756-A915-4909-8E83-0839FE564DF7}"
EndProject
Project("{8BC9CEB8-8B4A-11D0-8D11-00A0C91BC942}") = "Class4th (Stack)", "..\Class4th (Stack)\Class4th (Stack).vcxproj", "{EB7425F9-5B2A-4156-9DF6-3AD93BE4557B}"
EndProject
Project("{8BC9CEB8-8B4A-11D0-8D11-00A0C91BC942}") = "Class5th (Linear Queue)", "..\Class5th (Linear Queue)\Class5th (Linear Queue).vcxproj", "{22BBF59F-A1A5-4C74-901E-F9DB73E6ECB0}"
EndProject
Project("{8BC9CEB8-8B4A-11D0-8D11-00A0C91BC942}") = "Class6th (CircularQueue)", "..\Class6th (CircularQueue)\Class6th (CircularQueue).vcxproj", "{8EBF0E19-BD70-4F3C-A136-F707D33A3E8E}"
EndProject
Project("{8BC9CEB8-8B4A-11D0-8D11-00A0C91BC942}") = "Class7th (Vector)", "..\Class7th (Vector)\Class7th (Vector).vcxproj", "{67D83555-BAB9-40DE-9B60-5D9DB79CB3EA}"
EndProject
Project("{8BC9CEB8-8B4A-11D0-8D11-00A0C91BC942}") = "Class8th (String)", "..\Class8th (String)\Class8th (String).vcxproj", "{EBEA3D2A-DC40-47F7-962B-80706B4FF833}"
EndProject
Global
	GlobalSection(SolutionConfigurationPlatforms) = preSolution
		Debug|x64 = Debug|x64
		Debug|x86 = Debug|x86
		Release|x64 = Release|x64
		Release|x86 = Release|x86
	EndGlobalSection
	GlobalSection(ProjectConfigurationPlatforms) = postSolution
		{144C3DF3-D6D6-4128-B9B4-CF5B90C122DC}.Debug|x64.ActiveCfg = Debug|x64
		{144C3DF3-D6D6-4128-B9B4-CF5B90C122DC}.Debug|x64.Build.0 = Debug|x64
		{144C3DF3-D6D6-4128-B9B4-CF5B90C122DC}.Debug|x86.ActiveCfg = Debug|Win32
		{144C3DF3-D6D6-4128-B9B4-CF5B90C122DC}.Debug|x86.Build.0 = Debug|Win32
		{144C3DF3-D6D6-4128-B9B4-CF5B90C122DC}.Release|x64.ActiveCfg = Release|x64
		{144C3DF3-D6D6-4128-B9B4-CF5B90C122DC}.Release|x64.Build.0 = Release|x64
		{144C3DF3-D6D6-4128-B9B4-CF5B90C122DC}.Release|x86.ActiveCfg = Release|Win32
		{144C3DF3-D6D6-4128-B9B4-CF5B90C122DC}.Release|x86.Build.0 = Release|Win32
		{01B65BED-E2B4-480D-A798-59505ECE3210}.Debug|x64.ActiveCfg = Debug|x64
		{01B65BED-E2B4-480D-A798-59505ECE3210}.Debug|x64.Build.0 = Debug|x64
		{01B65BED-E2B4-480D-A798-59505ECE3210}.Debug|x86.ActiveCfg = Debug|Win32
		{01B65BED-E2B4-480D-A798-59505ECE3210}.Debug|x86.Build.0 = Debug|Win32
		{01B65BED-E2B4-480D-A798-59505ECE3210}.Release|x64.ActiveCfg = Release|x64
		{01B65BED-E2B4-480D-A798-59505ECE3210}.Release|x64.Build.0 = Release|x64
		{01B65BED-E2B4-480D-A798-59505ECE3210}.Release|x86.ActiveCfg = Release|Win32
		{01B65BED-E2B4-480D-A798-59505ECE3210}.Release|x86.Build.0 = Release|Win32
		{072FB8CE-DD1A-44F8-9773-3AFE26F0865E}.Debug|x64.ActiveCfg = Debug|x64
		{072FB8CE-DD1A-44F8-9773-3AFE26F0865E}.Debug|x64.Build.0 = Debug|x64
		{072FB8CE-DD1A-44F8-9773-3AFE26F0865E}.Debug|x86.ActiveCfg = Debug|Win32
		{072FB8CE-DD1A-44F8-9773-3AFE26F0865E}.Debug|x86.Build.0 = Debug|Win32
		{072FB8CE-DD1A-44F8-9773-3AFE26F0865E}.Release|x64.ActiveCfg = Release|x64
		{072FB8CE-DD1A-44F8-9773-3AFE26F0865E}.Release|x64.Build.0 = Release|x64
		{072FB8CE-DD1A-44F8-9773-3AFE26F0865E}.Release|x86.ActiveCfg = Release|Win32
		{072FB8CE-DD1A-44F8-9773-3AFE26F0865E}.Release|x86.Build.0 = Release|Win32
		{0D4DD756-A915-4909-8E83-0839FE564DF7}.Debug|x64.ActiveCfg = Debug|x64
		{0D4DD756-A915-4909-8E83-0839FE564DF7}.Debug|x64.Build.0 = Debug|x64
		{0D4DD756-A915-4909-8E83-0839FE564DF7}.Debug|x86.ActiveCfg = Debug|Win32
		{0D4DD756-A915-4909-8E83-0839FE564DF7}.Debug|x86.Build.0 = Debug|Win32
		{0D4DD756-A915-4909-8E83-0839FE564DF7}.Release|x64.ActiveCfg = Release|x64
		{0D4DD756-A915-4909-8E83-0839FE564DF7}.Release|x64.Build.0 = Release|x64
		{0D4DD756-A915-4909-8E83-0839FE564DF7}.Release|x86.ActiveCfg = Release|Win32
		{0D4DD756-A915-4909-8E83-0839FE564DF7}.Release|x86.Build.0 = Release|Win32
		{EB7425F9-5B2A-4156-9DF6-3AD93BE4557B}.Debug|x64.ActiveCfg = Debug|x64
		{EB7425F9-5B2A-4156-9DF6-3AD93BE4557B}.Debug|x64.Build.0 = Debug|x64
		{EB7425F9-5B2A-4156-9DF6-3AD93BE4557B}.Debug|x86.ActiveCfg = Debug|Win32
		{EB7425F9-5B2A-4156-9DF6-3AD93BE4557B}.Debug|x86.Build.0 = Debug|Win32
		{EB7425F9-5B2A-4156-9DF6-3AD93BE4557B}.Release|x64.ActiveCfg = Release|x64
		{EB7425F9-5B2A-4156-9DF6-3AD93BE4557B}.Release|x64.Build.0 = Release|x64
		{EB7425F9-5B2A-4156-9DF6-3AD93BE4557B}.Release|x86.ActiveCfg = Release|Win32
		{EB7425F9-5B2A-4156-9DF6-3AD93BE4557B}.Release|x86.Build.0 = Release|Win32
		{22BBF59F-A1A5-4C74-901E-F9DB73E6ECB0}.Debug|x64.ActiveCfg = Debug|x64
		{22BBF59F-A1A5-4C74-901E-F9DB73E6ECB0}.Debug|x64.Build.0 = Debug|x64
		{22BBF59F-A1A5-4C74-901E-F9DB73E6ECB0}.Debug|x86.ActiveCfg = Debug|Win32
		{22BBF59F-A1A5-4C74-901E-F9DB73E6ECB0}.Debug|x86.Build.0 = Debug|Win32
		{22BBF59F-A1A5-4C74-901E-F9DB73E6ECB0}.Release|x64.ActiveCfg = Release|x64
		{22BBF59F-A1A5-4C74-901E-F9DB73E6ECB0}.Release|x64.Build.0 = Release|x64
		{22BBF59F-A1A5-4C74-901E-F9DB73E6ECB0}.Release|x86.ActiveCfg = Release|Win32
		{22BBF59F-A1A5-4C74-901E-F9DB73E6ECB0}.Release|x86.Build.0 = Release|Win32
		{8EBF0E19-BD70-4F3C-A136-F707D33A3E8E}.Debug|x64.ActiveCfg = Debug|x64
		{8EBF0E19-BD70-4F3C-A136-F707D33A3E8E}.Debug|x64.Build.0 = Debug|x64
		{8EBF0E19-BD70-4F3C-A136-F707D33A3E8E}.Debug|x86.ActiveCfg = Debug|Win32
		{8EBF0E19-BD70-4F3C-A136-F707D33A3E8E}.Debug|x86.Build.0 = Debug|Win32
		{8EBF0E19-BD70-4F3C-A136-F707D33A3E8E}.Release|x64.ActiveCfg = Release|x64
		{8EBF0E19-BD70-4F3C-A136-F707D33A3E8E}.Release|x64.Build.0 = Release|x64
		{8EBF0E19-BD70-4F3C-A136-F707D33A3E8E}.Release|x86.ActiveCfg = Release|Win32
		{8EBF0E19-BD70-4F3C-A136-F707D33A3E8E}.Release|x86.Build.0 = Release|Win32
		{67D83555-BAB9-40DE-9B60-5D9DB79CB3EA}.Debug|x64.ActiveCfg = Debug|x64
		{67D83555-BAB9-40DE-9B60-5D9DB79CB3EA}.Debug|x64.Build.0 = Debug|x64
		{67D83555-BAB9-40DE-9B60-5D9DB79CB3EA}.Debug|x86.ActiveCfg = Debug|Win32
		{67D83555-BAB9-40DE-9B60-5D9DB79CB3EA}.Debug|x86.Build.0 = Debug|Win32
		{67D83555-BAB9-40DE-9B60-5D9DB79CB3EA}.Release|x64.ActiveCfg = Release|x64
		{67D83555-BAB9-40DE-9B60-5D9DB79CB3EA}.Release|x64.Build.0 = Release|x64
		{67D83555-BAB9-40DE-9B60-5D9DB79CB3EA}.Release|x86.ActiveCfg = Release|Win32
		{67D83555-BAB9-40DE-9B60-5D9DB79CB3EA}.Release|x86.Build.0 = Release|Win32
		{EBEA3D2A-DC40-47F7-962B-80706B4FF833}.Debug|x64.ActiveCfg = Debug|x64
		{EBEA3D2A-DC40-47F7-962B-80706B4FF833}.Debug|x64.Build.0 = Debug|x64
		{EBEA3D2A-DC40-47F7-962B-80706B4FF833}.Debug|x86.ActiveCfg = Debug|Win32
		{EBEA3D2A-DC40-47F7-962B-80706B4FF833}.Debug|x86.Build.0 = Debug|Win32
		{EBEA3D2A-DC40-47F7-962B-80706B4FF833}.Release|x64.ActiveCfg = Release|x64
		{EBEA3D2A-DC40-47F7-962B-80706B4FF833}.Release|x64.Build.0 = Release|x64
		{EBEA3D2A-DC40-47F7-962B-80706B4FF833}.Release|x86.ActiveCfg = Release|Win32
		{EBEA3D2A-DC40-47F7-962B-80706B4FF833}.Release|x86.Build.0 = Release|Win32
	EndGlobalSection
	GlobalSection(SolutionProperties) = preSolution
		HideSolutionNode = FALSE
	EndGlobalSection
	GlobalSection(ExtensibilityGlobals) = postSolution
		SolutionGuid = {DB8EC774-7914-44DA-9200-E9B7943E0D37}
	EndGlobalSection
EndGlobal
